PODS:
  - Flutter (1.0.0)
  - zego_express_engine (1.5.5):
    - Flutter
    - ZegoExpressEngine (= 1.5.5)
  - ZegoExpressEngine (1.5.5):
    - ZegoExpressEngine/Video_en (= 1.5.5)
  - ZegoExpressEngine/Video_en (1.5.5)

DEPENDENCIES:
  - Flutter (from `Flutter`)
  - zego_express_engine (from `.symlinks/plugins/zego_express_engine/ios`)

SPEC REPOS:
  trunk:
    - ZegoExpressEngine

EXTERNAL SOURCES:
  Flutter:
    :path: Flutter
  zego_express_engine:
    :path: ".symlinks/plugins/zego_express_engine/ios"

SPEC CHECKSUMS:
  Flutter: 0e3d915762c693b495b44d77113d4970485de6ec
  zego_express_engine: a846d9077ad58d1f092f59920891f3be93946342
  ZegoExpressEngine: 16aefe493af821b082e42fa28c205f9ebfdd8412

PODFILE CHECKSUM: 3dbe063e9c90a5d7c9e4e76e70a821b9e2c1d271

COCOAPODS: 1.8.4
