PODS:
  - Flutter (1.0.0)
  - shared_preferences (0.0.1):
    - Flutter
  - shared_preferences_macos (0.0.1):
    - Flutter
  - shared_preferences_web (0.0.1):
    - Flutter
  - zego_express_engine (0.11.0):
    - Flutter
    - ZegoExpressEngine (= 1.7.8)
  - zego_permission (0.0.1):
    - Flutter
  - ZegoExpressEngine (1.7.8):
    - ZegoExpressEngine/Video_en (= 1.7.8)
  - ZegoExpressEngine/Video_en (1.7.8)

DEPENDENCIES:
  - Flutter (from `Flutter`)
  - shared_preferences (from `.symlinks/plugins/shared_preferences/ios`)
  - shared_preferences_macos (from `.symlinks/plugins/shared_preferences_macos/ios`)
  - shared_preferences_web (from `.symlinks/plugins/shared_preferences_web/ios`)
  - zego_express_engine (from `.symlinks/plugins/zego_express_engine/ios`)
  - zego_permission (from `.symlinks/plugins/zego_permission/ios`)

SPEC REPOS:
  trunk:
    - ZegoExpressEngine

EXTERNAL SOURCES:
  Flutter:
    :path: Flutter
  shared_preferences:
    :path: ".symlinks/plugins/shared_preferences/ios"
  shared_preferences_macos:
    :path: ".symlinks/plugins/shared_preferences_macos/ios"
  shared_preferences_web:
    :path: ".symlinks/plugins/shared_preferences_web/ios"
  zego_express_engine:
    :path: ".symlinks/plugins/zego_express_engine/ios"
  zego_permission:
    :path: ".symlinks/plugins/zego_permission/ios"

SPEC CHECKSUMS:
  Flutter: 0e3d915762c693b495b44d77113d4970485de6ec
  shared_preferences: af6bfa751691cdc24be3045c43ec037377ada40d
  shared_preferences_macos: f3f29b71ccbb56bf40c9dd6396c9acf15e214087
  shared_preferences_web: 141cce0c3ed1a1c5bf2a0e44f52d31eeb66e5ea9
  zego_express_engine: 6593a212c516d7c3c05badba273bd5d9a5a660bb
  zego_permission: 0a12f978f018fa7a5becc3fce76d04a790897879
  ZegoExpressEngine: 6f8a6a26e9494e4513ba3f3fb717408aec811947

PODFILE CHECKSUM: 3dbe063e9c90a5d7c9e4e76e70a821b9e2c1d271

COCOAPODS: 1.9.1
